// !$*UTF8*$!
{
	archiveVersion = 1;
	classes = {
	};
	objectVersion = 55;
	objects = {

/* Begin PBXBuildFile section */
		CC24F5DD28AB90AF00BBC8A6 /* UpdatePostLikeParam.swift in Sources */ = {isa = PBXBuildFile; fileRef = CC24F5DC28AB90AF00BBC8A6 /* UpdatePostLikeParam.swift */; };
		CC24F60328AB9EE400BBC8A6 /* PostServiceTests.swift in Sources */ = {isa = PBXBuildFile; fileRef = CC24F60228AB9EE400BBC8A6 /* PostServiceTests.swift */; };
		CC24F60528ABB2EE00BBC8A6 /* MyUserDefaults.swift in Sources */ = {isa = PBXBuildFile; fileRef = CC24F60428ABB2EE00BBC8A6 /* MyUserDefaults.swift */; };
		CC24F60728ABB63600BBC8A6 /* MyUserDefaultsTests.swift in Sources */ = {isa = PBXBuildFile; fileRef = CC24F60628ABB63600BBC8A6 /* MyUserDefaultsTests.swift */; };
		CC96FB8028A0F76700CB6F75 /* InstagramCatApp.swift in Sources */ = {isa = PBXBuildFile; fileRef = CC96FB7F28A0F76700CB6F75 /* InstagramCatApp.swift */; };
		CC96FB8228A0F76700CB6F75 /* ContentView.swift in Sources */ = {isa = PBXBuildFile; fileRef = CC96FB8128A0F76700CB6F75 /* ContentView.swift */; };
		CC96FB8428A0F76700CB6F75 /* Assets.xcassets in Resources */ = {isa = PBXBuildFile; fileRef = CC96FB8328A0F76700CB6F75 /* Assets.xcassets */; };
		CC96FB8728A0F76700CB6F75 /* Preview Assets.xcassets in Resources */ = {isa = PBXBuildFile; fileRef = CC96FB8628A0F76700CB6F75 /* Preview Assets.xcassets */; };
		CC96FB8F28A101C400CB6F75 /* User.swift in Sources */ = {isa = PBXBuildFile; fileRef = CC96FB8E28A101C400CB6F75 /* User.swift */; };
		CC96FB9128A1021E00CB6F75 /* Post.swift in Sources */ = {isa = PBXBuildFile; fileRef = CC96FB9028A1021E00CB6F75 /* Post.swift */; };
		CC96FB9428A102DE00CB6F75 /* PostView.swift in Sources */ = {isa = PBXBuildFile; fileRef = CC96FB9328A102DE00CB6F75 /* PostView.swift */; };
		CC96FB9628A103DC00CB6F75 /* ThumbNailView.swift in Sources */ = {isa = PBXBuildFile; fileRef = CC96FB9528A103DC00CB6F75 /* ThumbNailView.swift */; };
		CC96FBB428A2590B00CB6F75 /* InteractionView.swift in Sources */ = {isa = PBXBuildFile; fileRef = CC96FBB328A2590B00CB6F75 /* InteractionView.swift */; };
		CC96FBBA28A2A6DD00CB6F75 /* PostPageView.swift in Sources */ = {isa = PBXBuildFile; fileRef = CC96FBB928A2A6DD00CB6F75 /* PostPageView.swift */; };
		CC96FBBD28A5F93D00CB6F75 /* PostService.swift in Sources */ = {isa = PBXBuildFile; fileRef = CC96FBBC28A5F93D00CB6F75 /* PostService.swift */; };
		CC96FBD328A6249500CB6F75 /* PostViewModel.swift in Sources */ = {isa = PBXBuildFile; fileRef = CC96FBD228A6249400CB6F75 /* PostViewModel.swift */; };
		CC96FBD528A626A700CB6F75 /* UserViewModel.swift in Sources */ = {isa = PBXBuildFile; fileRef = CC96FBD428A626A700CB6F75 /* UserViewModel.swift */; };
		CC96FBD828A629B000CB6F75 /* PostRepository.swift in Sources */ = {isa = PBXBuildFile; fileRef = CC96FBD728A629B000CB6F75 /* PostRepository.swift */; };
		CC96FBDA28A62CEC00CB6F75 /* PostPageViewModel.swift in Sources */ = {isa = PBXBuildFile; fileRef = CC96FBD928A62CEC00CB6F75 /* PostPageViewModel.swift */; };
/* End PBXBuildFile section */

/* Begin PBXContainerItemProxy section */
		CC24F5FD28AB9EB500BBC8A6 /* PBXContainerItemProxy */ = {
			isa = PBXContainerItemProxy;
			containerPortal = CC96FB7428A0F76700CB6F75 /* Project object */;
			proxyType = 1;
			remoteGlobalIDString = CC96FB7B28A0F76700CB6F75;
			remoteInfo = InstagramCat;
		};
/* End PBXContainerItemProxy section */

/* Begin PBXFileReference section */
		CC24F5DC28AB90AF00BBC8A6 /* UpdatePostLikeParam.swift */ = {isa = PBXFileReference; lastKnownFileType = sourcecode.swift; path = UpdatePostLikeParam.swift; sourceTree = "<group>"; };
		CC24F5F928AB9EB500BBC8A6 /* InstagramCatTests.xctest */ = {isa = PBXFileReference; explicitFileType = wrapper.cfbundle; includeInIndex = 0; path = InstagramCatTests.xctest; sourceTree = BUILT_PRODUCTS_DIR; };
		CC24F60228AB9EE400BBC8A6 /* PostServiceTests.swift */ = {isa = PBXFileReference; lastKnownFileType = sourcecode.swift; path = PostServiceTests.swift; sourceTree = "<group>"; };
		CC24F60428ABB2EE00BBC8A6 /* MyUserDefaults.swift */ = {isa = PBXFileReference; lastKnownFileType = sourcecode.swift; path = MyUserDefaults.swift; sourceTree = "<group>"; };
		CC24F60628ABB63600BBC8A6 /* MyUserDefaultsTests.swift */ = {isa = PBXFileReference; lastKnownFileType = sourcecode.swift; path = MyUserDefaultsTests.swift; sourceTree = "<group>"; };
		CC96FB7C28A0F76700CB6F75 /* InstagramCat.app */ = {isa = PBXFileReference; explicitFileType = wrapper.application; includeInIndex = 0; path = InstagramCat.app; sourceTree = BUILT_PRODUCTS_DIR; };
		CC96FB7F28A0F76700CB6F75 /* InstagramCatApp.swift */ = {isa = PBXFileReference; lastKnownFileType = sourcecode.swift; path = InstagramCatApp.swift; sourceTree = "<group>"; };
		CC96FB8128A0F76700CB6F75 /* ContentView.swift */ = {isa = PBXFileReference; lastKnownFileType = sourcecode.swift; path = ContentView.swift; sourceTree = "<group>"; };
		CC96FB8328A0F76700CB6F75 /* Assets.xcassets */ = {isa = PBXFileReference; lastKnownFileType = folder.assetcatalog; path = Assets.xcassets; sourceTree = "<group>"; };
		CC96FB8628A0F76700CB6F75 /* Preview Assets.xcassets */ = {isa = PBXFileReference; lastKnownFileType = folder.assetcatalog; path = "Preview Assets.xcassets"; sourceTree = "<group>"; };
		CC96FB8E28A101C400CB6F75 /* User.swift */ = {isa = PBXFileReference; lastKnownFileType = sourcecode.swift; path = User.swift; sourceTree = "<group>"; };
		CC96FB9028A1021E00CB6F75 /* Post.swift */ = {isa = PBXFileReference; lastKnownFileType = sourcecode.swift; path = Post.swift; sourceTree = "<group>"; };
		CC96FB9328A102DE00CB6F75 /* PostView.swift */ = {isa = PBXFileReference; lastKnownFileType = sourcecode.swift; path = PostView.swift; sourceTree = "<group>"; };
		CC96FB9528A103DC00CB6F75 /* ThumbNailView.swift */ = {isa = PBXFileReference; lastKnownFileType = sourcecode.swift; path = ThumbNailView.swift; sourceTree = "<group>"; };
		CC96FBB328A2590B00CB6F75 /* InteractionView.swift */ = {isa = PBXFileReference; lastKnownFileType = sourcecode.swift; path = InteractionView.swift; sourceTree = "<group>"; };
		CC96FBB928A2A6DD00CB6F75 /* PostPageView.swift */ = {isa = PBXFileReference; lastKnownFileType = sourcecode.swift; path = PostPageView.swift; sourceTree = "<group>"; };
		CC96FBBC28A5F93D00CB6F75 /* PostService.swift */ = {isa = PBXFileReference; lastKnownFileType = sourcecode.swift; path = PostService.swift; sourceTree = "<group>"; };
		CC96FBD228A6249400CB6F75 /* PostViewModel.swift */ = {isa = PBXFileReference; lastKnownFileType = sourcecode.swift; path = PostViewModel.swift; sourceTree = "<group>"; };
		CC96FBD428A626A700CB6F75 /* UserViewModel.swift */ = {isa = PBXFileReference; lastKnownFileType = sourcecode.swift; path = UserViewModel.swift; sourceTree = "<group>"; };
		CC96FBD728A629B000CB6F75 /* PostRepository.swift */ = {isa = PBXFileReference; lastKnownFileType = sourcecode.swift; path = PostRepository.swift; sourceTree = "<group>"; };
		CC96FBD928A62CEC00CB6F75 /* PostPageViewModel.swift */ = {isa = PBXFileReference; lastKnownFileType = sourcecode.swift; path = PostPageViewModel.swift; sourceTree = "<group>"; };
/* End PBXFileReference section */

/* Begin PBXFrameworksBuildPhase section */
		CC24F5F628AB9EB500BBC8A6 /* Frameworks */ = {
			isa = PBXFrameworksBuildPhase;
			buildActionMask = 2147483647;
			files = (
			);
			runOnlyForDeploymentPostprocessing = 0;
		};
		CC96FB7928A0F76700CB6F75 /* Frameworks */ = {
			isa = PBXFrameworksBuildPhase;
			buildActionMask = 2147483647;
			files = (
			);
			runOnlyForDeploymentPostprocessing = 0;
		};
/* End PBXFrameworksBuildPhase section */

/* Begin PBXGroup section */
		CC24F5DB28AB909500BBC8A6 /* Param */ = {
			isa = PBXGroup;
			children = (
				CC24F5DC28AB90AF00BBC8A6 /* UpdatePostLikeParam.swift */,
			);
			path = Param;
			sourceTree = "<group>";
		};
		CC24F5FA28AB9EB500BBC8A6 /* InstagramCatTests */ = {
			isa = PBXGroup;
			children = (
				CC24F60228AB9EE400BBC8A6 /* PostServiceTests.swift */,
				CC24F60628ABB63600BBC8A6 /* MyUserDefaultsTests.swift */,
			);
			path = InstagramCatTests;
			sourceTree = "<group>";
		};
		CC96FB7328A0F76700CB6F75 = {
			isa = PBXGroup;
			children = (
				CC96FB7E28A0F76700CB6F75 /* InstagramCat */,
				CC24F5FA28AB9EB500BBC8A6 /* InstagramCatTests */,
				CC96FB7D28A0F76700CB6F75 /* Products */,
			);
			sourceTree = "<group>";
		};
		CC96FB7D28A0F76700CB6F75 /* Products */ = {
			isa = PBXGroup;
			children = (
				CC96FB7C28A0F76700CB6F75 /* InstagramCat.app */,
				CC24F5F928AB9EB500BBC8A6 /* InstagramCatTests.xctest */,
			);
			name = Products;
			sourceTree = "<group>";
		};
		CC96FB7E28A0F76700CB6F75 /* InstagramCat */ = {
			isa = PBXGroup;
			children = (
				CC96FBD628A6299600CB6F75 /* Repositories */,
				CC96FBBB28A5F89F00CB6F75 /* Services */,
				CC96FB9228A102B200CB6F75 /* Views */,
				CC96FBD128A6246500CB6F75 /* ViewModels */,
				CC96FB8D28A101B100CB6F75 /* Models */,
				CC96FB7F28A0F76700CB6F75 /* InstagramCatApp.swift */,
				CC96FB8128A0F76700CB6F75 /* ContentView.swift */,
				CC96FB8328A0F76700CB6F75 /* Assets.xcassets */,
				CC96FB8528A0F76700CB6F75 /* Preview Content */,
				CC24F60428ABB2EE00BBC8A6 /* MyUserDefaults.swift */,
			);
			path = InstagramCat;
			sourceTree = "<group>";
		};
		CC96FB8528A0F76700CB6F75 /* Preview Content */ = {
			isa = PBXGroup;
			children = (
				CC96FB8628A0F76700CB6F75 /* Preview Assets.xcassets */,
			);
			path = "Preview Content";
			sourceTree = "<group>";
		};
		CC96FB8D28A101B100CB6F75 /* Models */ = {
			isa = PBXGroup;
			children = (
				CC96FB8E28A101C400CB6F75 /* User.swift */,
				CC96FB9028A1021E00CB6F75 /* Post.swift */,
			);
			path = Models;
			sourceTree = "<group>";
		};
		CC96FB9228A102B200CB6F75 /* Views */ = {
			isa = PBXGroup;
			children = (
				CC96FB9328A102DE00CB6F75 /* PostView.swift */,
				CC96FB9528A103DC00CB6F75 /* ThumbNailView.swift */,
				CC96FBB328A2590B00CB6F75 /* InteractionView.swift */,
				CC96FBB928A2A6DD00CB6F75 /* PostPageView.swift */,
			);
			path = Views;
			sourceTree = "<group>";
		};
		CC96FBBB28A5F89F00CB6F75 /* Services */ = {
			isa = PBXGroup;
			children = (
				CC24F5DB28AB909500BBC8A6 /* Param */,
				CC96FBBC28A5F93D00CB6F75 /* PostService.swift */,
			);
			path = Services;
			sourceTree = "<group>";
		};
		CC96FBD128A6246500CB6F75 /* ViewModels */ = {
			isa = PBXGroup;
			children = (
				CC96FBD228A6249400CB6F75 /* PostViewModel.swift */,
				CC96FBD428A626A700CB6F75 /* UserViewModel.swift */,
				CC96FBD928A62CEC00CB6F75 /* PostPageViewModel.swift */,
			);
			path = ViewModels;
			sourceTree = "<group>";
		};
		CC96FBD628A6299600CB6F75 /* Repositories */ = {
			isa = PBXGroup;
			children = (
				CC96FBD728A629B000CB6F75 /* PostRepository.swift */,
			);
			path = Repositories;
			sourceTree = "<group>";
		};
/* End PBXGroup section */

/* Begin PBXNativeTarget section */
		CC24F5F828AB9EB500BBC8A6 /* InstagramCatTests */ = {
			isa = PBXNativeTarget;
			buildConfigurationList = CC24F5FF28AB9EB500BBC8A6 /* Build configuration list for PBXNativeTarget "InstagramCatTests" */;
			buildPhases = (
				CC24F5F528AB9EB500BBC8A6 /* Sources */,
				CC24F5F628AB9EB500BBC8A6 /* Frameworks */,
				CC24F5F728AB9EB500BBC8A6 /* Resources */,
			);
			buildRules = (
			);
			dependencies = (
				CC24F5FE28AB9EB500BBC8A6 /* PBXTargetDependency */,
			);
			name = InstagramCatTests;
			productName = InstagramCatTests;
			productReference = CC24F5F928AB9EB500BBC8A6 /* InstagramCatTests.xctest */;
			productType = "com.apple.product-type.bundle.unit-test";
		};
		CC96FB7B28A0F76700CB6F75 /* InstagramCat */ = {
			isa = PBXNativeTarget;
			buildConfigurationList = CC96FB8A28A0F76700CB6F75 /* Build configuration list for PBXNativeTarget "InstagramCat" */;
			buildPhases = (
				CC96FB7828A0F76700CB6F75 /* Sources */,
				CC96FB7928A0F76700CB6F75 /* Frameworks */,
				CC96FB7A28A0F76700CB6F75 /* Resources */,
			);
			buildRules = (
			);
			dependencies = (
			);
			name = InstagramCat;
			productName = InstagramCat;
			productReference = CC96FB7C28A0F76700CB6F75 /* InstagramCat.app */;
			productType = "com.apple.product-type.application";
		};
/* End PBXNativeTarget section */

/* Begin PBXProject section */
		CC96FB7428A0F76700CB6F75 /* Project object */ = {
			isa = PBXProject;
			attributes = {
				BuildIndependentTargetsInParallel = 1;
				LastSwiftUpdateCheck = 1330;
				LastUpgradeCheck = 1330;
				TargetAttributes = {
					CC24F5F828AB9EB500BBC8A6 = {
						CreatedOnToolsVersion = 13.3.1;
						LastSwiftMigration = 1330;
						TestTargetID = CC96FB7B28A0F76700CB6F75;
					};
					CC96FB7B28A0F76700CB6F75 = {
						CreatedOnToolsVersion = 13.3.1;
					};
				};
			};
			buildConfigurationList = CC96FB7728A0F76700CB6F75 /* Build configuration list for PBXProject "InstagramCat" */;
			compatibilityVersion = "Xcode 13.0";
			developmentRegion = en;
			hasScannedForEncodings = 0;
			knownRegions = (
				en,
				Base,
			);
			mainGroup = CC96FB7328A0F76700CB6F75;
			productRefGroup = CC96FB7D28A0F76700CB6F75 /* Products */;
			projectDirPath = "";
			projectRoot = "";
			targets = (
				CC96FB7B28A0F76700CB6F75 /* InstagramCat */,
				CC24F5F828AB9EB500BBC8A6 /* InstagramCatTests */,
			);
		};
/* End PBXProject section */

/* Begin PBXResourcesBuildPhase section */
		CC24F5F728AB9EB500BBC8A6 /* Resources */ = {
			isa = PBXResourcesBuildPhase;
			buildActionMask = 2147483647;
			files = (
			);
			runOnlyForDeploymentPostprocessing = 0;
		};
		CC96FB7A28A0F76700CB6F75 /* Resources */ = {
			isa = PBXResourcesBuildPhase;
			buildActionMask = 2147483647;
			files = (
				CC96FB8728A0F76700CB6F75 /* Preview Assets.xcassets in Resources */,
				CC96FB8428A0F76700CB6F75 /* Assets.xcassets in Resources */,
			);
			runOnlyForDeploymentPostprocessing = 0;
		};
/* End PBXResourcesBuildPhase section */

/* Begin PBXSourcesBuildPhase section */
		CC24F5F528AB9EB500BBC8A6 /* Sources */ = {
			isa = PBXSourcesBuildPhase;
			buildActionMask = 2147483647;
			files = (
				CC24F60728ABB63600BBC8A6 /* MyUserDefaultsTests.swift in Sources */,
				CC24F60328AB9EE400BBC8A6 /* PostServiceTests.swift in Sources */,
			);
			runOnlyForDeploymentPostprocessing = 0;
		};
		CC96FB7828A0F76700CB6F75 /* Sources */ = {
			isa = PBXSourcesBuildPhase;
			buildActionMask = 2147483647;
			files = (
				CC96FBD328A6249500CB6F75 /* PostViewModel.swift in Sources */,
				CC96FBD828A629B000CB6F75 /* PostRepository.swift in Sources */,
				CC96FBD528A626A700CB6F75 /* UserViewModel.swift in Sources */,
				CC96FB8228A0F76700CB6F75 /* ContentView.swift in Sources */,
				CC96FBDA28A62CEC00CB6F75 /* PostPageViewModel.swift in Sources */,
				CC24F5DD28AB90AF00BBC8A6 /* UpdatePostLikeParam.swift in Sources */,
				CC96FB8028A0F76700CB6F75 /* InstagramCatApp.swift in Sources */,
				CC96FB8F28A101C400CB6F75 /* User.swift in Sources */,
				CC96FBB428A2590B00CB6F75 /* InteractionView.swift in Sources */,
				CC96FB9428A102DE00CB6F75 /* PostView.swift in Sources */,
				CC24F60528ABB2EE00BBC8A6 /* MyUserDefaults.swift in Sources */,
				CC96FBBA28A2A6DD00CB6F75 /* PostPageView.swift in Sources */,
				CC96FB9128A1021E00CB6F75 /* Post.swift in Sources */,
				CC96FBBD28A5F93D00CB6F75 /* PostService.swift in Sources */,
				CC96FB9628A103DC00CB6F75 /* ThumbNailView.swift in Sources */,
			);
			runOnlyForDeploymentPostprocessing = 0;
		};
/* End PBXSourcesBuildPhase section */

/* Begin PBXTargetDependency section */
		CC24F5FE28AB9EB500BBC8A6 /* PBXTargetDependency */ = {
			isa = PBXTargetDependency;
			target = CC96FB7B28A0F76700CB6F75 /* InstagramCat */;
			targetProxy = CC24F5FD28AB9EB500BBC8A6 /* PBXContainerItemProxy */;
		};
/* End PBXTargetDependency section */

/* Begin XCBuildConfiguration section */
		CC24F60028AB9EB500BBC8A6 /* Debug */ = {
			isa = XCBuildConfiguration;
			buildSettings = {
				BUNDLE_LOADER = "$(TEST_HOST)";
				CLANG_ENABLE_MODULES = YES;
				CODE_SIGN_STYLE = Automatic;
				CURRENT_PROJECT_VERSION = 1;
				DEVELOPMENT_TEAM = 9Q9PUFM6ZA;
				GENERATE_INFOPLIST_FILE = YES;
				LD_RUNPATH_SEARCH_PATHS = (
					"$(inherited)",
					"@executable_path/Frameworks",
					"@loader_path/Frameworks",
				);
				MARKETING_VERSION = 1.0;
				PRODUCT_BUNDLE_IDENTIFIER = hsiogi.InstagramCatTests;
				PRODUCT_NAME = "$(TARGET_NAME)";
				SWIFT_EMIT_LOC_STRINGS = NO;
				SWIFT_OPTIMIZATION_LEVEL = "-Onone";
				SWIFT_VERSION = 5.0;
				TARGETED_DEVICE_FAMILY = "1,2";
				TEST_HOST = "$(BUILT_PRODUCTS_DIR)/InstagramCat.app/InstagramCat";
			};
			name = Debug;
		};
		CC24F60128AB9EB500BBC8A6 /* Release */ = {
			isa = XCBuildConfiguration;
			buildSettings = {
				BUNDLE_LOADER = "$(TEST_HOST)";
				CLANG_ENABLE_MODULES = YES;
				CODE_SIGN_STYLE = Automatic;
				CURRENT_PROJECT_VERSION = 1;
				DEVELOPMENT_TEAM = 9Q9PUFM6ZA;
				GENERATE_INFOPLIST_FILE = YES;
				LD_RUNPATH_SEARCH_PATHS = (
					"$(inherited)",
					"@executable_path/Frameworks",
					"@loader_path/Frameworks",
				);
				MARKETING_VERSION = 1.0;
				PRODUCT_BUNDLE_IDENTIFIER = hsiogi.InstagramCatTests;
				PRODUCT_NAME = "$(TARGET_NAME)";
				SWIFT_EMIT_LOC_STRINGS = NO;
				SWIFT_VERSION = 5.0;
				TARGETED_DEVICE_FAMILY = "1,2";
				TEST_HOST = "$(BUILT_PRODUCTS_DIR)/InstagramCat.app/InstagramCat";
			};
			name = Release;
		};
		CC96FB8828A0F76700CB6F75 /* Debug */ = {
			isa = XCBuildConfiguration;
			buildSettings = {
				ALWAYS_SEARCH_USER_PATHS = NO;
				CLANG_ANALYZER_NONNULL = YES;
				CLANG_ANALYZER_NUMBER_OBJECT_CONVERSION = YES_AGGRESSIVE;
				CLANG_CXX_LANGUAGE_STANDARD = "gnu++17";
				CLANG_ENABLE_MODULES = YES;
				CLANG_ENABLE_OBJC_ARC = YES;
				CLANG_ENABLE_OBJC_WEAK = YES;
				CLANG_WARN_BLOCK_CAPTURE_AUTORELEASING = YES;
				CLANG_WARN_BOOL_CONVERSION = YES;
				CLANG_WARN_COMMA = YES;
				CLANG_WARN_CONSTANT_CONVERSION = YES;
				CLANG_WARN_DEPRECATED_OBJC_IMPLEMENTATIONS = YES;
				CLANG_WARN_DIRECT_OBJC_ISA_USAGE = YES_ERROR;
				CLANG_WARN_DOCUMENTATION_COMMENTS = YES;
				CLANG_WARN_EMPTY_BODY = YES;
				CLANG_WARN_ENUM_CONVERSION = YES;
				CLANG_WARN_INFINITE_RECURSION = YES;
				CLANG_WARN_INT_CONVERSION = YES;
				CLANG_WARN_NON_LITERAL_NULL_CONVERSION = YES;
				CLANG_WARN_OBJC_IMPLICIT_RETAIN_SELF = YES;
				CLANG_WARN_OBJC_LITERAL_CONVERSION = YES;
				CLANG_WARN_OBJC_ROOT_CLASS = YES_ERROR;
				CLANG_WARN_QUOTED_INCLUDE_IN_FRAMEWORK_HEADER = YES;
				CLANG_WARN_RANGE_LOOP_ANALYSIS = YES;
				CLANG_WARN_STRICT_PROTOTYPES = YES;
				CLANG_WARN_SUSPICIOUS_MOVE = YES;
				CLANG_WARN_UNGUARDED_AVAILABILITY = YES_AGGRESSIVE;
				CLANG_WARN_UNREACHABLE_CODE = YES;
				CLANG_WARN__DUPLICATE_METHOD_MATCH = YES;
				COPY_PHASE_STRIP = NO;
				DEBUG_INFORMATION_FORMAT = dwarf;
				ENABLE_STRICT_OBJC_MSGSEND = YES;
				ENABLE_TESTABILITY = YES;
				GCC_C_LANGUAGE_STANDARD = gnu11;
				GCC_DYNAMIC_NO_PIC = NO;
				GCC_NO_COMMON_BLOCKS = YES;
				GCC_OPTIMIZATION_LEVEL = 0;
				GCC_PREPROCESSOR_DEFINITIONS = (
					"DEBUG=1",
					"$(inherited)",
				);
				GCC_WARN_64_TO_32_BIT_CONVERSION = YES;
				GCC_WARN_ABOUT_RETURN_TYPE = YES_ERROR;
				GCC_WARN_UNDECLARED_SELECTOR = YES;
				GCC_WARN_UNINITIALIZED_AUTOS = YES_AGGRESSIVE;
				GCC_WARN_UNUSED_FUNCTION = YES;
				GCC_WARN_UNUSED_VARIABLE = YES;
				IPHONEOS_DEPLOYMENT_TARGET = 15.4;
				MTL_ENABLE_DEBUG_INFO = INCLUDE_SOURCE;
				MTL_FAST_MATH = YES;
				ONLY_ACTIVE_ARCH = YES;
				SDKROOT = iphoneos;
				SWIFT_ACTIVE_COMPILATION_CONDITIONS = DEBUG;
				SWIFT_OPTIMIZATION_LEVEL = "-Onone";
			};
			name = Debug;
		};
		CC96FB8928A0F76700CB6F75 /* Release */ = {
			isa = XCBuildConfiguration;
			buildSettings = {
				ALWAYS_SEARCH_USER_PATHS = NO;
				CLANG_ANALYZER_NONNULL = YES;
				CLANG_ANALYZER_NUMBER_OBJECT_CONVERSION = YES_AGGRESSIVE;
				CLANG_CXX_LANGUAGE_STANDARD = "gnu++17";
				CLANG_ENABLE_MODULES = YES;
				CLANG_ENABLE_OBJC_ARC = YES;
				CLANG_ENABLE_OBJC_WEAK = YES;
				CLANG_WARN_BLOCK_CAPTURE_AUTORELEASING = YES;
				CLANG_WARN_BOOL_CONVERSION = YES;
				CLANG_WARN_COMMA = YES;
				CLANG_WARN_CONSTANT_CONVERSION = YES;
				CLANG_WARN_DEPRECATED_OBJC_IMPLEMENTATIONS = YES;
				CLANG_WARN_DIRECT_OBJC_ISA_USAGE = YES_ERROR;
				CLANG_WARN_DOCUMENTATION_COMMENTS = YES;
				CLANG_WARN_EMPTY_BODY = YES;
				CLANG_WARN_ENUM_CONVERSION = YES;
				CLANG_WARN_INFINITE_RECURSION = YES;
				CLANG_WARN_INT_CONVERSION = YES;
				CLANG_WARN_NON_LITERAL_NULL_CONVERSION = YES;
				CLANG_WARN_OBJC_IMPLICIT_RETAIN_SELF = YES;
				CLANG_WARN_OBJC_LITERAL_CONVERSION = YES;
				CLANG_WARN_OBJC_ROOT_CLASS = YES_ERROR;
				CLANG_WARN_QUOTED_INCLUDE_IN_FRAMEWORK_HEADER = YES;
				CLANG_WARN_RANGE_LOOP_ANALYSIS = YES;
				CLANG_WARN_STRICT_PROTOTYPES = YES;
				CLANG_WARN_SUSPICIOUS_MOVE = YES;
				CLANG_WARN_UNGUARDED_AVAILABILITY = YES_AGGRESSIVE;
				CLANG_WARN_UNREACHABLE_CODE = YES;
				CLANG_WARN__DUPLICATE_METHOD_MATCH = YES;
				COPY_PHASE_STRIP = NO;
				DEBUG_INFORMATION_FORMAT = "dwarf-with-dsym";
				ENABLE_NS_ASSERTIONS = NO;
				ENABLE_STRICT_OBJC_MSGSEND = YES;
				GCC_C_LANGUAGE_STANDARD = gnu11;
				GCC_NO_COMMON_BLOCKS = YES;
				GCC_WARN_64_TO_32_BIT_CONVERSION = YES;
				GCC_WARN_ABOUT_RETURN_TYPE = YES_ERROR;
				GCC_WARN_UNDECLARED_SELECTOR = YES;
				GCC_WARN_UNINITIALIZED_AUTOS = YES_AGGRESSIVE;
				GCC_WARN_UNUSED_FUNCTION = YES;
				GCC_WARN_UNUSED_VARIABLE = YES;
				IPHONEOS_DEPLOYMENT_TARGET = 15.4;
				MTL_ENABLE_DEBUG_INFO = NO;
				MTL_FAST_MATH = YES;
				SDKROOT = iphoneos;
				SWIFT_COMPILATION_MODE = wholemodule;
				SWIFT_OPTIMIZATION_LEVEL = "-O";
				VALIDATE_PRODUCT = YES;
			};
			name = Release;
		};
		CC96FB8B28A0F76700CB6F75 /* Debug */ = {
			isa = XCBuildConfiguration;
			buildSettings = {
				ASSETCATALOG_COMPILER_APPICON_NAME = AppIcon;
				ASSETCATALOG_COMPILER_GLOBAL_ACCENT_COLOR_NAME = AccentColor;
				CODE_SIGN_STYLE = Automatic;
				CURRENT_PROJECT_VERSION = 1;
				DEVELOPMENT_ASSET_PATHS = "\"InstagramCat/Preview Content\"";
				DEVELOPMENT_TEAM = 9Q9PUFM6ZA;
				ENABLE_PREVIEWS = YES;
				ENABLE_TESTABILITY = YES;
				GENERATE_INFOPLIST_FILE = YES;
				INFOPLIST_KEY_UIApplicationSceneManifest_Generation = YES;
				INFOPLIST_KEY_UIApplicationSupportsIndirectInputEvents = YES;
				INFOPLIST_KEY_UILaunchScreen_Generation = YES;
				INFOPLIST_KEY_UISupportedInterfaceOrientations_iPad = "UIInterfaceOrientationPortrait UIInterfaceOrientationPortraitUpsideDown UIInterfaceOrientationLandscapeLeft UIInterfaceOrientationLandscapeRight";
				INFOPLIST_KEY_UISupportedInterfaceOrientations_iPhone = "UIInterfaceOrientationPortrait UIInterfaceOrientationLandscapeLeft UIInterfaceOrientationLandscapeRight";
				LD_RUNPATH_SEARCH_PATHS = (
					"$(inherited)",
					"@executable_path/Frameworks",
				);
				MARKETING_VERSION = 1.0;
				PRODUCT_BUNDLE_IDENTIFIER = hsiogi.InstagramCat;
				PRODUCT_NAME = "$(TARGET_NAME)";
				SWIFT_EMIT_LOC_STRINGS = YES;
				SWIFT_VERSION = 5.0;
				TARGETED_DEVICE_FAMILY = "1,2";
			};
			name = Debug;
		};
		CC96FB8C28A0F76700CB6F75 /* Release */ = {
			isa = XCBuildConfiguration;
			buildSettings = {
				ASSETCATALOG_COMPILER_APPICON_NAME = AppIcon;
				ASSETCATALOG_COMPILER_GLOBAL_ACCENT_COLOR_NAME = AccentColor;
				CODE_SIGN_STYLE = Automatic;
				CURRENT_PROJECT_VERSION = 1;
				DEVELOPMENT_ASSET_PATHS = "\"InstagramCat/Preview Content\"";
				DEVELOPMENT_TEAM = 9Q9PUFM6ZA;
				ENABLE_PREVIEWS = YES;
				ENABLE_TESTABILITY = YES;
				GENERATE_INFOPLIST_FILE = YES;
				INFOPLIST_KEY_UIApplicationSceneManifest_Generation = YES;
				INFOPLIST_KEY_UIApplicationSupportsIndirectInputEvents = YES;
				INFOPLIST_KEY_UILaunchScreen_Generation = YES;
				INFOPLIST_KEY_UISupportedInterfaceOrientations_iPad = "UIInterfaceOrientationPortrait UIInterfaceOrientationPortraitUpsideDown UIInterfaceOrientationLandscapeLeft UIInterfaceOrientationLandscapeRight";
				INFOPLIST_KEY_UISupportedInterfaceOrientations_iPhone = "UIInterfaceOrientationPortrait UIInterfaceOrientationLandscapeLeft UIInterfaceOrientationLandscapeRight";
				LD_RUNPATH_SEARCH_PATHS = (
					"$(inherited)",
					"@executable_path/Frameworks",
				);
				MARKETING_VERSION = 1.0;
				PRODUCT_BUNDLE_IDENTIFIER = hsiogi.InstagramCat;
				PRODUCT_NAME = "$(TARGET_NAME)";
				SWIFT_EMIT_LOC_STRINGS = YES;
				SWIFT_VERSION = 5.0;
				TARGETED_DEVICE_FAMILY = "1,2";
			};
			name = Release;
		};
/* End XCBuildConfiguration section */

/* Begin XCConfigurationList section */
		CC24F5FF28AB9EB500BBC8A6 /* Build configuration list for PBXNativeTarget "InstagramCatTests" */ = {
			isa = XCConfigurationList;
			buildConfigurations = (
				CC24F60028AB9EB500BBC8A6 /* Debug */,
				CC24F60128AB9EB500BBC8A6 /* Release */,
			);
			defaultConfigurationIsVisible = 0;
			defaultConfigurationName = Release;
		};
		CC96FB7728A0F76700CB6F75 /* Build configuration list for PBXProject "InstagramCat" */ = {
			isa = XCConfigurationList;
			buildConfigurations = (
				CC96FB8828A0F76700CB6F75 /* Debug */,
				CC96FB8928A0F76700CB6F75 /* Release */,
			);
			defaultConfigurationIsVisible = 0;
			defaultConfigurationName = Release;
		};
		CC96FB8A28A0F76700CB6F75 /* Build configuration list for PBXNativeTarget "InstagramCat" */ = {
			isa = XCConfigurationList;
			buildConfigurations = (
				CC96FB8B28A0F76700CB6F75 /* Debug */,
				CC96FB8C28A0F76700CB6F75 /* Release */,
			);
			defaultConfigurationIsVisible = 0;
			defaultConfigurationName = Release;
		};
/* End XCConfigurationList section */
	};
	rootObject = CC96FB7428A0F76700CB6F75 /* Project object */;
}
